
Microsoft Visual Studio Solution File, Format Version 12.00
# Visual Studio 2012
Project("{FAE04EC0-301F-11D3-BF4B-00C04F79EFBC}") = "Card", "Card\Card.csproj", "{80D8E587-B3D7-4B27-AAC2-2E1F2219708B}"
EndProject
Global
	GlobalSection(SolutionConfigurationPlatforms) = preSolution
		Debug|Any CPU = Debug|Any CPU
		Release|Any CPU = Release|Any CPU
	EndGlobalSection
	GlobalSection(ProjectConfigurationPlatforms) = postSolution
		{80D8E587-B3D7-4B27-AAC2-2E1F2219708B}.Debug|Any CPU.ActiveCfg = Debug|Any CPU
		{80D8E587-B3D7-4B27-AAC2-2E1F2219708B}.Debug|Any CPU.Build.0 = Debug|Any CPU
		{80D8E587-B3D7-4B27-AAC2-2E1F2219708B}.Release|Any CPU.ActiveCfg = Release|Any CPU
		{80D8E587-B3D7-4B27-AAC2-2E1F2219708B}.Release|Any CPU.Build.0 = Release|Any CPU
	EndGlobalSection
	GlobalSection(SolutionProperties) = preSolution
		HideSolutionNode = FALSE
	EndGlobalSection
EndGlobal
