
Microsoft Visual Studio Solution File, Format Version 12.00
# Visual Studio 2013
VisualStudioVersion = 12.0.30501.0
MinimumVisualStudioVersion = 10.0.40219.1
Project("{FAE04EC0-301F-11D3-BF4B-00C04F79EFBC}") = "MvcGettingStarted", "MvcGettingStarted\MvcGettingStarted.csproj", "{6283081E-D1D7-4939-A317-624FBA0E5E0D}"
EndProject
Global
	GlobalSection(SolutionConfigurationPlatforms) = preSolution
		Debug|Any CPU = Debug|Any CPU
		Release|Any CPU = Release|Any CPU
	EndGlobalSection
	GlobalSection(ProjectConfigurationPlatforms) = postSolution
		{6283081E-D1D7-4939-A317-624FBA0E5E0D}.Debug|Any CPU.ActiveCfg = Debug|Any CPU
		{6283081E-D1D7-4939-A317-624FBA0E5E0D}.Debug|Any CPU.Build.0 = Debug|Any CPU
		{6283081E-D1D7-4939-A317-624FBA0E5E0D}.Release|Any CPU.ActiveCfg = Release|Any CPU
		{6283081E-D1D7-4939-A317-624FBA0E5E0D}.Release|Any CPU.Build.0 = Release|Any CPU
	EndGlobalSection
	GlobalSection(SolutionProperties) = preSolution
		HideSolutionNode = FALSE
	EndGlobalSection
EndGlobal
