
Microsoft Visual Studio Solution File, Format Version 12.00
# Visual Studio 2013
VisualStudioVersion = 12.0.30501.0
MinimumVisualStudioVersion = 10.0.40219.1
Project("{FAE04EC0-301F-11D3-BF4B-00C04F79EFBC}") = "EuropeanUnion", "EuropeanUnion\EuropeanUnion.csproj", "{2B3B8F74-2579-4640-87AA-E3D29D76A647}"
EndProject
Global
	GlobalSection(SolutionConfigurationPlatforms) = preSolution
		Debug|Any CPU = Debug|Any CPU
		Release|Any CPU = Release|Any CPU
	EndGlobalSection
	GlobalSection(ProjectConfigurationPlatforms) = postSolution
		{2B3B8F74-2579-4640-87AA-E3D29D76A647}.Debug|Any CPU.ActiveCfg = Debug|Any CPU
		{2B3B8F74-2579-4640-87AA-E3D29D76A647}.Debug|Any CPU.Build.0 = Debug|Any CPU
		{2B3B8F74-2579-4640-87AA-E3D29D76A647}.Release|Any CPU.ActiveCfg = Release|Any CPU
		{2B3B8F74-2579-4640-87AA-E3D29D76A647}.Release|Any CPU.Build.0 = Release|Any CPU
	EndGlobalSection
	GlobalSection(SolutionProperties) = preSolution
		HideSolutionNode = FALSE
	EndGlobalSection
EndGlobal
