
Microsoft Visual Studio Solution File, Format Version 12.00
# Visual Studio 2012
Project("{FAE04EC0-301F-11D3-BF4B-00C04F79EFBC}") = "CountByN", "CountByN\CountByN.csproj", "{0854531D-EB5D-409D-9D38-BE7E2F48FD0B}"
EndProject
Global
	GlobalSection(SolutionConfigurationPlatforms) = preSolution
		Debug|Any CPU = Debug|Any CPU
		Release|Any CPU = Release|Any CPU
	EndGlobalSection
	GlobalSection(ProjectConfigurationPlatforms) = postSolution
		{0854531D-EB5D-409D-9D38-BE7E2F48FD0B}.Debug|Any CPU.ActiveCfg = Debug|Any CPU
		{0854531D-EB5D-409D-9D38-BE7E2F48FD0B}.Debug|Any CPU.Build.0 = Debug|Any CPU
		{0854531D-EB5D-409D-9D38-BE7E2F48FD0B}.Release|Any CPU.ActiveCfg = Release|Any CPU
		{0854531D-EB5D-409D-9D38-BE7E2F48FD0B}.Release|Any CPU.Build.0 = Release|Any CPU
	EndGlobalSection
	GlobalSection(SolutionProperties) = preSolution
		HideSolutionNode = FALSE
	EndGlobalSection
EndGlobal
